# This file is autogenerated, do not edit; changes may be undone by the next 'dep ensure'.


[[projects]]
  branch = "master"
  name = "github.com/aaronaaeng/event-source-add"
  packages = ["."]
  revision = "dbe41ae3e8e15265256929db47b8353b49c53a90"

[[projects]]
  name = "github.com/confluentinc/confluent-kafka-go"
  packages = ["kafka"]
  revision = "5e4d04e05fc319ce5996a867aafef29059f26862"
  version = "v0.11.4"

[[projects]]
  name = "github.com/tidwall/gjson"
  packages = ["."]
  revision = "01f00f129617a6fe98941fb920d6c760241b54d2"
  version = "v1.1.0"

[[projects]]
  branch = "master"
  name = "github.com/tidwall/match"
  packages = ["."]
  revision = "1731857f09b1f38450e2c12409748407822dc6be"

[solve-meta]
  analyzer-name = "dep"
  analyzer-version = 1
  inputs-digest = "175282eb2157a71fba9a4deab477166f5a5e2caefcf415c931a79e8acfbb0b18"
  solver-name = "gps-cdcl"
  solver-version = 1
